<?xml version="1.0" encoding="UTF-8" standalone="yes" ?>
<CodeBlocks_project_file>
	<FileVersion major="1" minor="6" />
	<Project>
		<Option title="Text (Vanya)" />
		<Option pch_mode="2" />
		<Option compiler="gcc" />
		<Build>
			<Target title="Debug">
				<Option output="bin/Debug/Text (Vanya)" prefix_auto="1" extension_auto="1" />
				<Option object_output="obj/Debug/" />
				<Option type="1" />
				<Option compiler="gcc" />
				<Compiler>
					<Add option="-g" />
				</Compiler>
			</Target>
			<Target title="Release">
				<Option output="bin/Release/Text (Vanya)" prefix_auto="1" extension_auto="1" />
				<Option object_output="obj/Release/" />
				<Option type="1" />
				<Option compiler="gcc" />
				<Compiler>
					<Add option="-O2" />
				</Compiler>
				<Linker>
					<Add option="-s" />
				</Linker>
			</Target>
		</Build>
		<Compiler>
			<Add option="-Wall" />
			<Add option="-fexceptions" />
		</Compiler>
		<Unit filename="builder.cpp" />
		<Unit filename="builder.h" />
		<Unit filename="container.cpp" />
		<Unit filename="container.h" />
		<Unit filename="interface.cpp" />
		<Unit filename="interface.h" />
		<Unit filename="lexxer.cpp" />
		<Unit filename="lexxer.h" />
		<Unit filename="main.cpp" />
		<Unit filename="myExceptions.cpp" />
		<Unit filename="myExceptions.h" />
		<Unit filename="tostring.cpp" />
		<Unit filename="tostring.h" />
		<Extensions>
			<code_completion />
			<envvars />
			<debugger />
		</Extensions>
	</Project>
</CodeBlocks_project_file>
