<?xml version="1.0" encoding="UTF-8" standalone="yes" ?>
<CodeBlocks_project_file>
	<FileVersion major="1" minor="6" />
	<Project>
		<Option title="Laba 9" />
		<Option pch_mode="2" />
		<Option compiler="gcc" />
		<Build>
			<Target title="Debug">
				<Option output="bin/Debug/Laba 9" prefix_auto="1" extension_auto="1" />
				<Option object_output="obj/Debug/" />
				<Option type="1" />
				<Option compiler="gcc" />
				<Compiler>
					<Add option="-g" />
					<Add directory="laba5" />
					<Add directory="laba6" />
					<Add directory="laba7" />
					<Add directory="laba8" />
					<Add directory="../Copyright" />
				</Compiler>
				<Linker>
					<Add library="laba5/bin/Debug/liblaba5.a" />
					<Add library="laba6/bin/Debug/liblaba6.a" />
					<Add library="laba7/bin/Debug/liblaba7.a" />
					<Add library="laba8/bin/Debug/liblaba8.a" />
					<Add library="../Copyright/bin/Debug/libCopyright.a" />
				</Linker>
			</Target>
			<Target title="Release">
				<Option output="bin/Release/Laba 9" prefix_auto="1" extension_auto="1" />
				<Option object_output="obj/Release/" />
				<Option type="1" />
				<Option compiler="gcc" />
				<Compiler>
					<Add option="-O2" />
				</Compiler>
				<Linker>
					<Add option="-s" />
				</Linker>
			</Target>
		</Build>
		<Compiler>
			<Add option="-Wall" />
			<Add option="-fexceptions" />
		</Compiler>
		<Unit filename="help.cpp" />
		<Unit filename="help.h" />
		<Unit filename="main.cpp" />
		<Extensions>
			<code_completion />
			<envvars />
			<debugger />
		</Extensions>
	</Project>
</CodeBlocks_project_file>
